
Microsoft Visual Studio Solution File, Format Version 12.00
# Visual Studio Version 17
VisualStudioVersion = 17.9.34616.47
MinimumVisualStudioVersion = 10.0.40219.1
Project("{FAE04EC0-301F-11D3-BF4B-00C04F79EFBC}") = "tpmodul10_1302223125", "tpmodul10_1302223125\tpmodul10_1302223125.csproj", "{E138DAF5-CD50-4687-A2CA-640D81C365B3}"
EndProject
Global
	GlobalSection(SolutionConfigurationPlatforms) = preSolution
		Debug|Any CPU = Debug|Any CPU
		Release|Any CPU = Release|Any CPU
	EndGlobalSection
	GlobalSection(ProjectConfigurationPlatforms) = postSolution
		{E138DAF5-CD50-4687-A2CA-640D81C365B3}.Debug|Any CPU.ActiveCfg = Debug|Any CPU
		{E138DAF5-CD50-4687-A2CA-640D81C365B3}.Debug|Any CPU.Build.0 = Debug|Any CPU
		{E138DAF5-CD50-4687-A2CA-640D81C365B3}.Release|Any CPU.ActiveCfg = Release|Any CPU
		{E138DAF5-CD50-4687-A2CA-640D81C365B3}.Release|Any CPU.Build.0 = Release|Any CPU
	EndGlobalSection
	GlobalSection(SolutionProperties) = preSolution
		HideSolutionNode = FALSE
	EndGlobalSection
	GlobalSection(ExtensibilityGlobals) = postSolution
		SolutionGuid = {1226BC26-6004-4D13-88E6-CB8D7EE7A8B3}
	EndGlobalSection
EndGlobal
